
Microsoft Visual Studio Solution File, Format Version 12.00
# Visual Studio Version 17
VisualStudioVersion = 17.5.002.0
MinimumVisualStudioVersion = 10.0.40219.1
Project("{2150E333-8FDC-42A3-9474-1A3956D46DE8}") = "Solution Items", "Solution Items", "{D16ACE33-31D8-42EF-9F15-FBCF216F5AAE}"
	ProjectSection(SolutionItems) = preProject
		docker-compose.yml = docker-compose.yml
		compose.yaml = compose.yaml
	EndProjectSection
EndProject
Project("{2150E333-8FDC-42A3-9474-1A3956D46DE8}") = ".github", ".github", "{F345DE5F-4A8E-4F50-897B-22F127507822}"
EndProject
Project("{FAE04EC0-301F-11D3-BF4B-00C04F79EFBC}") = "IdentityServer", "src\IdentityServer\IdentityServer.csproj", "{57C87AA6-E541-4615-80DB-3D1E975E0D48}"
	ProjectSection(ProjectDependencies) = postProject
		{CD44762C-271A-4309-AA49-216513D0E593} = {CD44762C-271A-4309-AA49-216513D0E593}
		{3B96DD21-CD8D-4530-8A19-C86BAC07DFBA} = {3B96DD21-CD8D-4530-8A19-C86BAC07DFBA}
		{EF1261C5-BB95-4024-B37E-86913F8D6363} = {EF1261C5-BB95-4024-B37E-86913F8D6363}
	EndProjectSection
EndProject
Project("{FAE04EC0-301F-11D3-BF4B-00C04F79EFBC}") = "Presentations", "src\Presentations\Presentations.csproj", "{5A0A4417-1FF8-4D95-B826-EEC46F866A83}"
	ProjectSection(ProjectDependencies) = postProject
		{3B96DD21-CD8D-4530-8A19-C86BAC07DFBA} = {3B96DD21-CD8D-4530-8A19-C86BAC07DFBA}
		{CD44762C-271A-4309-AA49-216513D0E593} = {CD44762C-271A-4309-AA49-216513D0E593}
		{EF1261C5-BB95-4024-B37E-86913F8D6363} = {EF1261C5-BB95-4024-B37E-86913F8D6363}
	EndProjectSection
EndProject
Project("{FAE04EC0-301F-11D3-BF4B-00C04F79EFBC}") = "Infrastructure", "src\Infrastructure\Infrastructure.csproj", "{EF1261C5-BB95-4024-B37E-86913F8D6363}"
	ProjectSection(ProjectDependencies) = postProject
		{CD44762C-271A-4309-AA49-216513D0E593} = {CD44762C-271A-4309-AA49-216513D0E593}
	EndProjectSection
EndProject
Project("{FAE04EC0-301F-11D3-BF4B-00C04F79EFBC}") = "Domain", "src\Domain\Domain.csproj", "{CD44762C-271A-4309-AA49-216513D0E593}"
EndProject
Project("{FAE04EC0-301F-11D3-BF4B-00C04F79EFBC}") = "Application", "src\Application\Application.csproj", "{3B96DD21-CD8D-4530-8A19-C86BAC07DFBA}"
	ProjectSection(ProjectDependencies) = postProject
		{CD44762C-271A-4309-AA49-216513D0E593} = {CD44762C-271A-4309-AA49-216513D0E593}
		{EF1261C5-BB95-4024-B37E-86913F8D6363} = {EF1261C5-BB95-4024-B37E-86913F8D6363}
	EndProjectSection
EndProject
Global
	GlobalSection(SolutionConfigurationPlatforms) = preSolution
		Debug|Any CPU = Debug|Any CPU
		Release|Any CPU = Release|Any CPU
	EndGlobalSection
	GlobalSection(ProjectConfigurationPlatforms) = postSolution
		{57C87AA6-E541-4615-80DB-3D1E975E0D48}.Debug|Any CPU.ActiveCfg = Debug|Any CPU
		{57C87AA6-E541-4615-80DB-3D1E975E0D48}.Debug|Any CPU.Build.0 = Debug|Any CPU
		{57C87AA6-E541-4615-80DB-3D1E975E0D48}.Release|Any CPU.ActiveCfg = Release|Any CPU
		{57C87AA6-E541-4615-80DB-3D1E975E0D48}.Release|Any CPU.Build.0 = Release|Any CPU
		{5A0A4417-1FF8-4D95-B826-EEC46F866A83}.Debug|Any CPU.ActiveCfg = Debug|Any CPU
		{5A0A4417-1FF8-4D95-B826-EEC46F866A83}.Debug|Any CPU.Build.0 = Debug|Any CPU
		{5A0A4417-1FF8-4D95-B826-EEC46F866A83}.Release|Any CPU.ActiveCfg = Release|Any CPU
		{5A0A4417-1FF8-4D95-B826-EEC46F866A83}.Release|Any CPU.Build.0 = Release|Any CPU
		{EF1261C5-BB95-4024-B37E-86913F8D6363}.Debug|Any CPU.ActiveCfg = Debug|Any CPU
		{EF1261C5-BB95-4024-B37E-86913F8D6363}.Debug|Any CPU.Build.0 = Debug|Any CPU
		{EF1261C5-BB95-4024-B37E-86913F8D6363}.Release|Any CPU.ActiveCfg = Release|Any CPU
		{EF1261C5-BB95-4024-B37E-86913F8D6363}.Release|Any CPU.Build.0 = Release|Any CPU
		{CD44762C-271A-4309-AA49-216513D0E593}.Debug|Any CPU.ActiveCfg = Debug|Any CPU
		{CD44762C-271A-4309-AA49-216513D0E593}.Debug|Any CPU.Build.0 = Debug|Any CPU
		{CD44762C-271A-4309-AA49-216513D0E593}.Release|Any CPU.ActiveCfg = Release|Any CPU
		{CD44762C-271A-4309-AA49-216513D0E593}.Release|Any CPU.Build.0 = Release|Any CPU
		{3B96DD21-CD8D-4530-8A19-C86BAC07DFBA}.Debug|Any CPU.ActiveCfg = Debug|Any CPU
		{3B96DD21-CD8D-4530-8A19-C86BAC07DFBA}.Debug|Any CPU.Build.0 = Debug|Any CPU
		{3B96DD21-CD8D-4530-8A19-C86BAC07DFBA}.Release|Any CPU.ActiveCfg = Release|Any CPU
		{3B96DD21-CD8D-4530-8A19-C86BAC07DFBA}.Release|Any CPU.Build.0 = Release|Any CPU
	EndGlobalSection
	GlobalSection(SolutionProperties) = preSolution
		HideSolutionNode = FALSE
	EndGlobalSection
	GlobalSection(ExtensibilityGlobals) = postSolution
		SolutionGuid = {8FE8B066-DF63-476B-99A9-E40650503D60}
	EndGlobalSection
	GlobalSection(NestedProjects) = preSolution
	EndGlobalSection
EndGlobal
